
Microsoft Visual Studio Solution File, Format Version 12.00
# Visual Studio Version 17
VisualStudioVersion = 17.0.31903.59
MinimumVisualStudioVersion = 10.0.40219.1
Project("{FAE04EC0-301F-11D3-BF4B-00C04F79EFBC}") = "Compooler.Domain", "Compooler.Domain\Compooler.Domain.csproj", "{CFD3C240-82C3-4403-8EC6-E8C14E59D31D}"
EndProject
Project("{FAE04EC0-301F-11D3-BF4B-00C04F79EFBC}") = "Compooler.Domain.Tests", "Compooler.Domain.Tests\Compooler.Domain.Tests.csproj", "{4CCBF1ED-1A92-41DD-929B-CD83802C7E58}"
EndProject
Global
	GlobalSection(SolutionConfigurationPlatforms) = preSolution
		Debug|Any CPU = Debug|Any CPU
		Release|Any CPU = Release|Any CPU
	EndGlobalSection
	GlobalSection(SolutionProperties) = preSolution
		HideSolutionNode = FALSE
	EndGlobalSection
	GlobalSection(ProjectConfigurationPlatforms) = postSolution
		{CFD3C240-82C3-4403-8EC6-E8C14E59D31D}.Debug|Any CPU.ActiveCfg = Debug|Any CPU
		{CFD3C240-82C3-4403-8EC6-E8C14E59D31D}.Debug|Any CPU.Build.0 = Debug|Any CPU
		{CFD3C240-82C3-4403-8EC6-E8C14E59D31D}.Release|Any CPU.ActiveCfg = Release|Any CPU
		{CFD3C240-82C3-4403-8EC6-E8C14E59D31D}.Release|Any CPU.Build.0 = Release|Any CPU
		{4CCBF1ED-1A92-41DD-929B-CD83802C7E58}.Debug|Any CPU.ActiveCfg = Debug|Any CPU
		{4CCBF1ED-1A92-41DD-929B-CD83802C7E58}.Debug|Any CPU.Build.0 = Debug|Any CPU
		{4CCBF1ED-1A92-41DD-929B-CD83802C7E58}.Release|Any CPU.ActiveCfg = Release|Any CPU
		{4CCBF1ED-1A92-41DD-929B-CD83802C7E58}.Release|Any CPU.Build.0 = Release|Any CPU
	EndGlobalSection
EndGlobal
